// !$*UTF8*$!
{
	archiveVersion = 1;
	classes = {
	};
	objectVersion = 50;
	objects = {

/* Begin PBXBuildFile section */
		F463E85625195A16008B03AA /* AppDelegate.m in Sources */ = {isa = PBXBuildFile; fileRef = F463E85525195A16008B03AA /* AppDelegate.m */; };
		F463E85925195A16008B03AA /* SceneDelegate.m in Sources */ = {isa = PBXBuildFile; fileRef = F463E85825195A16008B03AA /* SceneDelegate.m */; };
		F463E85C25195A16008B03AA /* ViewController.m in Sources */ = {isa = PBXBuildFile; fileRef = F463E85B25195A16008B03AA /* ViewController.m */; };
		F463E85F25195A16008B03AA /* Main.storyboard in Resources */ = {isa = PBXBuildFile; fileRef = F463E85D25195A16008B03AA /* Main.storyboard */; };
		F463E86125195A17008B03AA /* Assets.xcassets in Resources */ = {isa = PBXBuildFile; fileRef = F463E86025195A17008B03AA /* Assets.xcassets */; };
		F463E86425195A17008B03AA /* LaunchScreen.storyboard in Resources */ = {isa = PBXBuildFile; fileRef = F463E86225195A17008B03AA /* LaunchScreen.storyboard */; };
		F463E86725195A17008B03AA /* main.m in Sources */ = {isa = PBXBuildFile; fileRef = F463E86625195A17008B03AA /* main.m */; };
/* End PBXBuildFile section */

/* Begin PBXFileReference section */
		F463E85125195A16008B03AA /* LightBurst.app */ = {isa = PBXFileReference; explicitFileType = wrapper.application; includeInIndex = 0; path = LightBurst.app; sourceTree = BUILT_PRODUCTS_DIR; };
		F463E85425195A16008B03AA /* AppDelegate.h */ = {isa = PBXFileReference; lastKnownFileType = sourcecode.c.h; path = AppDelegate.h; sourceTree = "<group>"; };
		F463E85525195A16008B03AA /* AppDelegate.m */ = {isa = PBXFileReference; lastKnownFileType = sourcecode.c.objc; path = AppDelegate.m; sourceTree = "<group>"; };
		F463E85725195A16008B03AA /* SceneDelegate.h */ = {isa = PBXFileReference; lastKnownFileType = sourcecode.c.h; path = SceneDelegate.h; sourceTree = "<group>"; };
		F463E85825195A16008B03AA /* SceneDelegate.m */ = {isa = PBXFileReference; lastKnownFileType = sourcecode.c.objc; path = SceneDelegate.m; sourceTree = "<group>"; };
		F463E85A25195A16008B03AA /* ViewController.h */ = {isa = PBXFileReference; lastKnownFileType = sourcecode.c.h; path = ViewController.h; sourceTree = "<group>"; };
		F463E85B25195A16008B03AA /* ViewController.m */ = {isa = PBXFileReference; lastKnownFileType = sourcecode.c.objc; path = ViewController.m; sourceTree = "<group>"; };
		F463E85E25195A16008B03AA /* Base */ = {isa = PBXFileReference; lastKnownFileType = file.storyboard; name = Base; path = Base.lproj/Main.storyboard; sourceTree = "<group>"; };
		F463E86025195A17008B03AA /* Assets.xcassets */ = {isa = PBXFileReference; lastKnownFileType = folder.assetcatalog; path = Assets.xcassets; sourceTree = "<group>"; };
		F463E86325195A17008B03AA /* Base */ = {isa = PBXFileReference; lastKnownFileType = file.storyboard; name = Base; path = Base.lproj/LaunchScreen.storyboard; sourceTree = "<group>"; };
		F463E86525195A17008B03AA /* Info.plist */ = {isa = PBXFileReference; lastKnownFileType = text.plist.xml; path = Info.plist; sourceTree = "<group>"; };
		F463E86625195A17008B03AA /* main.m */ = {isa = PBXFileReference; lastKnownFileType = sourcecode.c.objc; path = main.m; sourceTree = "<group>"; };
/* End PBXFileReference section */

/* Begin PBXFrameworksBuildPhase section */
		F463E84E25195A16008B03AA /* Frameworks */ = {
			isa = PBXFrameworksBuildPhase;
			buildActionMask = 2147483647;
			files = (
			);
			runOnlyForDeploymentPostprocessing = 0;
		};
/* End PBXFrameworksBuildPhase section */

/* Begin PBXGroup section */
		F463E84825195A16008B03AA = {
			isa = PBXGroup;
			children = (
				F463E85325195A16008B03AA /* LightBurst */,
				F463E85225195A16008B03AA /* Products */,
			);
			sourceTree = "<group>";
		};
		F463E85225195A16008B03AA /* Products */ = {
			isa = PBXGroup;
			children = (
				F463E85125195A16008B03AA /* LightBurst.app */,
			);
			name = Products;
			sourceTree = "<group>";
		};
		F463E85325195A16008B03AA /* LightBurst */ = {
			isa = PBXGroup;
			children = (
				F463E85425195A16008B03AA /* AppDelegate.h */,
				F463E85525195A16008B03AA /* AppDelegate.m */,
				F463E85725195A16008B03AA /* SceneDelegate.h */,
				F463E85825195A16008B03AA /* SceneDelegate.m */,
				F463E85A25195A16008B03AA /* ViewController.h */,
				F463E85B25195A16008B03AA /* ViewController.m */,
				F463E85D25195A16008B03AA /* Main.storyboard */,
				F463E86025195A17008B03AA /* Assets.xcassets */,
				F463E86225195A17008B03AA /* LaunchScreen.storyboard */,
				F463E86525195A17008B03AA /* Info.plist */,
				F463E86625195A17008B03AA /* main.m */,
			);
			path = LightBurst;
			sourceTree = "<group>";
		};
/* End PBXGroup section */

/* Begin PBXNativeTarget section */
		F463E85025195A16008B03AA /* LightBurst */ = {
			isa = PBXNativeTarget;
			buildConfigurationList = F463E86A25195A17008B03AA /* Build configuration list for PBXNativeTarget "LightBurst" */;
			buildPhases = (
				F463E84D25195A16008B03AA /* Sources */,
				F463E84E25195A16008B03AA /* Frameworks */,
				F463E84F25195A16008B03AA /* Resources */,
			);
			buildRules = (
			);
			dependencies = (
			);
			name = LightBurst;
			productName = LightBurst;
			productReference = F463E85125195A16008B03AA /* LightBurst.app */;
			productType = "com.apple.product-type.application";
		};
/* End PBXNativeTarget section */

/* Begin PBXProject section */
		F463E84925195A16008B03AA /* Project object */ = {
			isa = PBXProject;
			attributes = {
				LastUpgradeCheck = 1200;
				TargetAttributes = {
					F463E85025195A16008B03AA = {
						CreatedOnToolsVersion = 12.0;
					};
				};
			};
			buildConfigurationList = F463E84C25195A16008B03AA /* Build configuration list for PBXProject "LightBurst" */;
			compatibilityVersion = "Xcode 9.3";
			developmentRegion = en;
			hasScannedForEncodings = 0;
			knownRegions = (
				en,
				Base,
			);
			mainGroup = F463E84825195A16008B03AA;
			productRefGroup = F463E85225195A16008B03AA /* Products */;
			projectDirPath = "";
			projectRoot = "";
			targets = (
				F463E85025195A16008B03AA /* LightBurst */,
			);
		};
/* End PBXProject section */

/* Begin PBXResourcesBuildPhase section */
		F463E84F25195A16008B03AA /* Resources */ = {
			isa = PBXResourcesBuildPhase;
			buildActionMask = 2147483647;
			files = (
				F463E86425195A17008B03AA /* LaunchScreen.storyboard in Resources */,
				F463E86125195A17008B03AA /* Assets.xcassets in Resources */,
				F463E85F25195A16008B03AA /* Main.storyboard in Resources */,
			);
			runOnlyForDeploymentPostprocessing = 0;
		};
/* End PBXResourcesBuildPhase section */

/* Begin PBXSourcesBuildPhase section */
		F463E84D25195A16008B03AA /* Sources */ = {
			isa = PBXSourcesBuildPhase;
			buildActionMask = 2147483647;
			files = (
				F463E85C25195A16008B03AA /* ViewController.m in Sources */,
				F463E85625195A16008B03AA /* AppDelegate.m in Sources */,
				F463E86725195A17008B03AA /* main.m in Sources */,
				F463E85925195A16008B03AA /* SceneDelegate.m in Sources */,
			);
			runOnlyForDeploymentPostprocessing = 0;
		};
/* End PBXSourcesBuildPhase section */

/* Begin PBXVariantGroup section */
		F463E85D25195A16008B03AA /* Main.storyboard */ = {
			isa = PBXVariantGroup;
			children = (
				F463E85E25195A16008B03AA /* Base */,
			);
			name = Main.storyboard;
			sourceTree = "<group>";
		};
		F463E86225195A17008B03AA /* LaunchScreen.storyboard */ = {
			isa = PBXVariantGroup;
			children = (
				F463E86325195A17008B03AA /* Base */,
			);
			name = LaunchScreen.storyboard;
			sourceTree = "<group>";
		};
/* End PBXVariantGroup section */

/* Begin XCBuildConfiguration section */
		F463E86825195A17008B03AA /* Debug */ = {
			isa = XCBuildConfiguration;
			buildSettings = {
				ALWAYS_SEARCH_USER_PATHS = NO;
				CLANG_ANALYZER_NONNULL = YES;
				CLANG_ANALYZER_NUMBER_OBJECT_CONVERSION = YES_AGGRESSIVE;
				CLANG_CXX_LANGUAGE_STANDARD = "gnu++14";
				CLANG_CXX_LIBRARY = "libc++";
				CLANG_ENABLE_MODULES = YES;
				CLANG_ENABLE_OBJC_ARC = YES;
				CLANG_ENABLE_OBJC_WEAK = YES;
				CLANG_WARN_BLOCK_CAPTURE_AUTORELEASING = YES;
				CLANG_WARN_BOOL_CONVERSION = YES;
				CLANG_WARN_COMMA = YES;
				CLANG_WARN_CONSTANT_CONVERSION = YES;
				CLANG_WARN_DEPRECATED_OBJC_IMPLEMENTATIONS = YES;
				CLANG_WARN_DIRECT_OBJC_ISA_USAGE = YES_ERROR;
				CLANG_WARN_DOCUMENTATION_COMMENTS = YES;
				CLANG_WARN_EMPTY_BODY = YES;
				CLANG_WARN_ENUM_CONVERSION = YES;
				CLANG_WARN_INFINITE_RECURSION = YES;
				CLANG_WARN_INT_CONVERSION = YES;
				CLANG_WARN_NON_LITERAL_NULL_CONVERSION = YES;
				CLANG_WARN_OBJC_IMPLICIT_RETAIN_SELF = YES;
				CLANG_WARN_OBJC_LITERAL_CONVERSION = YES;
				CLANG_WARN_OBJC_ROOT_CLASS = YES_ERROR;
				CLANG_WARN_QUOTED_INCLUDE_IN_FRAMEWORK_HEADER = YES;
				CLANG_WARN_RANGE_LOOP_ANALYSIS = YES;
				CLANG_WARN_STRICT_PROTOTYPES = YES;
				CLANG_WARN_SUSPICIOUS_MOVE = YES;
				CLANG_WARN_UNGUARDED_AVAILABILITY = YES_AGGRESSIVE;
				CLANG_WARN_UNREACHABLE_CODE = YES;
				CLANG_WARN__DUPLICATE_METHOD_MATCH = YES;
				COPY_PHASE_STRIP = NO;
				DEBUG_INFORMATION_FORMAT = dwarf;
				ENABLE_STRICT_OBJC_MSGSEND = YES;
				ENABLE_TESTABILITY = YES;
				GCC_C_LANGUAGE_STANDARD = gnu11;
				GCC_DYNAMIC_NO_PIC = NO;
				GCC_NO_COMMON_BLOCKS = YES;
				GCC_OPTIMIZATION_LEVEL = 0;
				GCC_PREPROCESSOR_DEFINITIONS = (
					"DEBUG=1",
					"$(inherited)",
				);
				GCC_WARN_64_TO_32_BIT_CONVERSION = YES;
				GCC_WARN_ABOUT_RETURN_TYPE = YES_ERROR;
				GCC_WARN_UNDECLARED_SELECTOR = YES;
				GCC_WARN_UNINITIALIZED_AUTOS = YES_AGGRESSIVE;
				GCC_WARN_UNUSED_FUNCTION = YES;
				GCC_WARN_UNUSED_VARIABLE = YES;
				IPHONEOS_DEPLOYMENT_TARGET = 14.0;
				MTL_ENABLE_DEBUG_INFO = INCLUDE_SOURCE;
				MTL_FAST_MATH = YES;
				ONLY_ACTIVE_ARCH = YES;
				SDKROOT = iphoneos;
			};
			name = Debug;
		};
		F463E86925195A17008B03AA /* Release */ = {
			isa = XCBuildConfiguration;
			buildSettings = {
				ALWAYS_SEARCH_USER_PATHS = NO;
				CLANG_ANALYZER_NONNULL = YES;
				CLANG_ANALYZER_NUMBER_OBJECT_CONVERSION = YES_AGGRESSIVE;
				CLANG_CXX_LANGUAGE_STANDARD = "gnu++14";
				CLANG_CXX_LIBRARY = "libc++";
				CLANG_ENABLE_MODULES = YES;
				CLANG_ENABLE_OBJC_ARC = YES;
				CLANG_ENABLE_OBJC_WEAK = YES;
				CLANG_WARN_BLOCK_CAPTURE_AUTORELEASING = YES;
				CLANG_WARN_BOOL_CONVERSION = YES;
				CLANG_WARN_COMMA = YES;
				CLANG_WARN_CONSTANT_CONVERSION = YES;
				CLANG_WARN_DEPRECATED_OBJC_IMPLEMENTATIONS = YES;
				CLANG_WARN_DIRECT_OBJC_ISA_USAGE = YES_ERROR;
				CLANG_WARN_DOCUMENTATION_COMMENTS = YES;
				CLANG_WARN_EMPTY_BODY = YES;
				CLANG_WARN_ENUM_CONVERSION = YES;
				CLANG_WARN_INFINITE_RECURSION = YES;
				CLANG_WARN_INT_CONVERSION = YES;
				CLANG_WARN_NON_LITERAL_NULL_CONVERSION = YES;
				CLANG_WARN_OBJC_IMPLICIT_RETAIN_SELF = YES;
				CLANG_WARN_OBJC_LITERAL_CONVERSION = YES;
				CLANG_WARN_OBJC_ROOT_CLASS = YES_ERROR;
				CLANG_WARN_QUOTED_INCLUDE_IN_FRAMEWORK_HEADER = YES;
				CLANG_WARN_RANGE_LOOP_ANALYSIS = YES;
				CLANG_WARN_STRICT_PROTOTYPES = YES;
				CLANG_WARN_SUSPICIOUS_MOVE = YES;
				CLANG_WARN_UNGUARDED_AVAILABILITY = YES_AGGRESSIVE;
				CLANG_WARN_UNREACHABLE_CODE = YES;
				CLANG_WARN__DUPLICATE_METHOD_MATCH = YES;
				COPY_PHASE_STRIP = NO;
				DEBUG_INFORMATION_FORMAT = "dwarf-with-dsym";
				ENABLE_NS_ASSERTIONS = NO;
				ENABLE_STRICT_OBJC_MSGSEND = YES;
				GCC_C_LANGUAGE_STANDARD = gnu11;
				GCC_NO_COMMON_BLOCKS = YES;
				GCC_WARN_64_TO_32_BIT_CONVERSION = YES;
				GCC_WARN_ABOUT_RETURN_TYPE = YES_ERROR;
				GCC_WARN_UNDECLARED_SELECTOR = YES;
				GCC_WARN_UNINITIALIZED_AUTOS = YES_AGGRESSIVE;
				GCC_WARN_UNUSED_FUNCTION = YES;
				GCC_WARN_UNUSED_VARIABLE = YES;
				IPHONEOS_DEPLOYMENT_TARGET = 14.0;
				MTL_ENABLE_DEBUG_INFO = NO;
				MTL_FAST_MATH = YES;
				SDKROOT = iphoneos;
				VALIDATE_PRODUCT = YES;
			};
			name = Release;
		};
		F463E86B25195A17008B03AA /* Debug */ = {
			isa = XCBuildConfiguration;
			buildSettings = {
				ASSETCATALOG_COMPILER_APPICON_NAME = AppIcon;
				ASSETCATALOG_COMPILER_GLOBAL_ACCENT_COLOR_NAME = AccentColor;
				CODE_SIGN_STYLE = Automatic;
				DEVELOPMENT_TEAM = 5S36329Q96;
				INFOPLIST_FILE = LightBurst/Info.plist;
				LD_RUNPATH_SEARCH_PATHS = (
					"$(inherited)",
					"@executable_path/Frameworks",
				);
				PRODUCT_BUNDLE_IDENTIFIER = ddw.LightBurst;
				PRODUCT_NAME = "$(TARGET_NAME)";
				TARGETED_DEVICE_FAMILY = "1,2";
			};
			name = Debug;
		};
		F463E86C25195A17008B03AA /* Release */ = {
			isa = XCBuildConfiguration;
			buildSettings = {
				ASSETCATALOG_COMPILER_APPICON_NAME = AppIcon;
				ASSETCATALOG_COMPILER_GLOBAL_ACCENT_COLOR_NAME = AccentColor;
				CODE_SIGN_STYLE = Automatic;
				DEVELOPMENT_TEAM = 5S36329Q96;
				INFOPLIST_FILE = LightBurst/Info.plist;
				LD_RUNPATH_SEARCH_PATHS = (
					"$(inherited)",
					"@executable_path/Frameworks",
				);
				PRODUCT_BUNDLE_IDENTIFIER = ddw.LightBurst;
				PRODUCT_NAME = "$(TARGET_NAME)";
				TARGETED_DEVICE_FAMILY = "1,2";
			};
			name = Release;
		};
/* End XCBuildConfiguration section */

/* Begin XCConfigurationList section */
		F463E84C25195A16008B03AA /* Build configuration list for PBXProject "LightBurst" */ = {
			isa = XCConfigurationList;
			buildConfigurations = (
				F463E86825195A17008B03AA /* Debug */,
				F463E86925195A17008B03AA /* Release */,
			);
			defaultConfigurationIsVisible = 0;
			defaultConfigurationName = Release;
		};
		F463E86A25195A17008B03AA /* Build configuration list for PBXNativeTarget "LightBurst" */ = {
			isa = XCConfigurationList;
			buildConfigurations = (
				F463E86B25195A17008B03AA /* Debug */,
				F463E86C25195A17008B03AA /* Release */,
			);
			defaultConfigurationIsVisible = 0;
			defaultConfigurationName = Release;
		};
/* End XCConfigurationList section */
	};
	rootObject = F463E84925195A16008B03AA /* Project object */;
}
